# This file was autogenerated by Stack.
# You should not edit this file by hand.
# For more information, please see the documentation at:
#   https://docs.haskellstack.org/en/stable/lock_files

packages:
- completed:
    hackage: ini-0.4.2@sha256:d49131863e2957386d228c53773c25d1262de490728c6c19b85064eb4422c3e6,1658
    pantry-tree:
      size: 356
      sha256: 5f86edc24679d8076263a01d9915d1816172d3b59221883e3c0855459d1153bc
  original:
    hackage: ini-0.4.2
- completed:
    hackage: text-1.2.5.0@sha256:791f0f6c97ed96113f17ab520cf0efe1a3a4f883a8c85910a5660567c8241c40,7895
    pantry-tree:
      size: 7395
      sha256: f41504ec5c04a3f3358ef104362f02fdef29cbce4e5e4e6dbd6b6db70c40d4bf
  original:
    hackage: text-1.2.5.0
- completed:
    hackage: transformers-0.5.6.2@sha256:6c959d14430f4deffb99579ba019de07c3d852a2122b6f449344386c7d75ff1d,3172
    pantry-tree:
      size: 2512
      sha256: c79246ba7d61392c2f214376fed3c2a05e4b2649b93ec2c849a86493f278ace0
  original:
    hackage: transformers-0.5.6.2
- completed:
    hackage: aeson-2.0.3.0@sha256:510c59bece9c6b3d9e999674b869c765cdc3df9f9f90b6871df3e62f87b12fff,5867
    pantry-tree:
      size: 38191
      sha256: bc95efc07f7d7837f3ab689d7af1d0dd4649296f2b54d0ab4e4d25d0cfb50d32
  original:
    hackage: aeson-2.0.3.0
- completed:
    hackage: HTTP-4000.3.16@sha256:6042643c15a0b43e522a6693f1e322f05000d519543a84149cb80aeffee34f71,5947
    pantry-tree:
      size: 1428
      sha256: b73a7f6d21cf20bbf819e19039409c9010efb5000d2b72cdd8fd67a9027c14e8
  original:
    hackage: HTTP-4000.3.16
- completed:
    hackage: bytestring-0.10.12.1@sha256:82dba4c2de4fdd8b419ed28aec2c14cfe4a3f43d1d6e2263ab26962e7398048e,6254
    pantry-tree:
      size: 2140
      sha256: 119f151ee88539f3287276f087f2576b46a1792247e4dac288a930359710f70e
  original:
    hackage: bytestring-0.10.12.1
- completed:
    hackage: http-conduit-2.3.8@sha256:5a5f23a594dc47754d8670de5b6dffbdf1849417ce9f0a41c4d77ea52232c255,3110
    pantry-tree:
      size: 784
      sha256: 5e8acb3ec6325e9bbb6624f831932a3d770e8e062b2ed314d69f3b3dab61dc88
  original:
    hackage: http-conduit-2.3.8
- completed:
    hackage: HaskellNet-0.6.0.1@sha256:061c503b5295e961cbe809b37305556a185ef99bc163d648c92870e3e2facca9,2376
    pantry-tree:
      size: 1632
      sha256: e86872cb01eb61910cb4e4834a779c7e9964d6c46ead7fe0dbab9422c9424646
  original:
    hackage: HaskellNet-0.6.0.1
- completed:
    hackage: HaskellNet-SSL-0.3.4.4@sha256:6a1a3c6d3804e857d183e702214476a383628eac83eb4bcbc7d5c4b8a2e05bf3,1704
    pantry-tree:
      size: 577
      sha256: 85697bab25d5c3f0103dec9e2adc3c93029c3647de5d0b0d829bca5fc8bb8188
  original:
    hackage: HaskellNet-SSL-0.3.4.4
- completed:
    hackage: mime-mail-0.5.1@sha256:596938d4b17365129eccda3afe65e357331cfa407b68259252bdf34e5098ccb9,1629
    pantry-tree:
      size: 439
      sha256: 48c6d0cb621810964ca294df7e5c6d17a32b1041376123e3d6f41be107b8e368
  original:
    hackage: mime-mail-0.5.1
snapshots:
- completed:
    size: 619403
    url: https://raw.githubusercontent.com/commercialhaskell/stackage-snapshots/master/lts/19/24.yaml
    sha256: 98f5bee5bf07ff25263d7061e03c34595bfca543b611f9d3da5c95f2a6c8d723
  original:
    url: https://raw.githubusercontent.com/commercialhaskell/stackage-snapshots/master/lts/19/24.yaml
